<?xml version="1.0" encoding="utf-8"?>
<Project ToolsVersion="4.0" xmlns="http://schemas.microsoft.com/developer/msbuild/2003">
  <ItemGroup>
    <Filter Include="Header Files">
      <UniqueIdentifier>{93995380-89BD-4b04-88EB-625FBE52EBFB}</UniqueIdentifier>
      <Extensions>h;hh;hpp;hxx;hm;inl;inc;xsd</Extensions>
    </Filter>
    <Filter Include="Resource Files">
      <UniqueIdentifier>{67DA6AB6-F800-4c08-8B7A-83BB121AAD01}</UniqueIdentifier>
      <Extensions>rc;ico;cur;bmp;dlg;rc2;rct;bin;rgs;gif;jpg;jpeg;jpe;resx;tiff;tif;png;wav;mfcribbon-ms</Extensions>
    </Filter>
    <Filter Include="Source Files">
      <UniqueIdentifier>{4FC737F1-C7A5-4376-A066-2A32D752A2FF}</UniqueIdentifier>
      <Extensions>cpp;c;cc;cxx;def;odl;idl;hpj;bat;asm;asmx</Extensions>
    </Filter>
  </ItemGroup>
  <ItemGroup>
    <ClCompile Include="sources\adc.cpp">
      <Filter>Source Files</Filter>
    </ClCompile>
    <ClCompile Include="sources\bluetooth.cpp">
      <Filter>Source Files</Filter>
    </ClCompile>
    <ClCompile Include="sources\CANSync.cpp">
      <Filter>Source Files</Filter>
    </ClCompile>
    <ClCompile Include="sources\config.cpp">
      <Filter>Source Files</Filter>
    </ClCompile>
    <ClCompile Include="sources\dataLogger.cpp">
      <Filter>Source Files</Filter>
    </ClCompile>
    <ClCompile Include="sources\DerivativeEstimator.cpp">
      <Filter>Source Files</Filter>
    </ClCompile>
    <ClCompile Include="sources\ecu.cpp">
      <Filter>Source Files</Filter>
    </ClCompile>
    <ClCompile Include="sources\Gear.cpp">
      <Filter>Source Files</Filter>
    </ClCompile>
    <ClCompile Include="sources\global.cpp">
      <Filter>Source Files</Filter>
    </ClCompile>
    <ClCompile Include="sources\ignition.cpp">
      <Filter>Source Files</Filter>
    </ClCompile>
    <ClCompile Include="sources\inout.cpp">
      <Filter>Source Files</Filter>
    </ClCompile>
    <ClCompile Include="sources\LEDs.cpp">
      <Filter>Source Files</Filter>
    </ClCompile>
    <ClCompile Include="sources\LogQueue.cpp">
      <Filter>Source Files</Filter>
    </ClCompile>
    <ClCompile Include="sources\ObjectHome.cpp">
      <Filter>Source Files</Filter>
    </ClCompile>
    <ClCompile Include="sources\PCSync.cpp">
      <Filter>Source Files</Filter>
    </ClCompile>
    <ClCompile Include="sources\position.cpp">
      <Filter>Source Files</Filter>
    </ClCompile>
    <ClCompile Include="sources\rs232.cpp">
      <Filter>Source Files</Filter>
    </ClCompile>
    <ClCompile Include="sources\rs232sync.cpp">
      <Filter>Source Files</Filter>
    </ClCompile>
    <ClCompile Include="sources\TeensyDelay.cpp">
      <Filter>Source Files</Filter>
    </ClCompile>
  </ItemGroup>
  <ItemGroup>
    <ClInclude Include="sources\TeensyDelayConfig.h">
      <Filter>Header Files</Filter>
    </ClInclude>
    <ClInclude Include="sources\TeensyDelay.h">
      <Filter>Header Files</Filter>
    </ClInclude>
    <ClInclude Include="sources\rs232sync.h">
      <Filter>Header Files</Filter>
    </ClInclude>
    <ClInclude Include="sources\rs232.h">
      <Filter>Header Files</Filter>
    </ClInclude>
    <ClInclude Include="sources\QuadDecodeSimple.h">
      <Filter>Header Files</Filter>
    </ClInclude>
    <ClInclude Include="sources\position.h">
      <Filter>Header Files</Filter>
    </ClInclude>
    <ClInclude Include="sources\PCSync.h">
      <Filter>Header Files</Filter>
    </ClInclude>
    <ClInclude Include="sources\ObjectHome.h">
      <Filter>Header Files</Filter>
    </ClInclude>
    <ClInclude Include="sources\LogQueue.h">
      <Filter>Header Files</Filter>
    </ClInclude>
    <ClInclude Include="sources\LEDs.h">
      <Filter>Header Files</Filter>
    </ClInclude>
    <ClInclude Include="sources\inout.h">
      <Filter>Header Files</Filter>
    </ClInclude>
    <ClInclude Include="sources\injection.h">
      <Filter>Header Files</Filter>
    </ClInclude>
    <ClInclude Include="sources\ignition.h">
      <Filter>Header Files</Filter>
    </ClInclude>
    <ClInclude Include="sources\global.h">
      <Filter>Header Files</Filter>
    </ClInclude>
    <ClInclude Include="sources\Gear.h">
      <Filter>Header Files</Filter>
    </ClInclude>
    <ClInclude Include="sources\ecu.h">
      <Filter>Header Files</Filter>
    </ClInclude>
    <ClInclude Include="sources\DerivativeEstimator.h">
      <Filter>Header Files</Filter>
    </ClInclude>
    <ClInclude Include="sources\dataLogger.h">
      <Filter>Header Files</Filter>
    </ClInclude>
    <ClInclude Include="sources\config.h">
      <Filter>Header Files</Filter>
    </ClInclude>
    <ClInclude Include="sources\CANSync.h">
      <Filter>Header Files</Filter>
    </ClInclude>
    <ClInclude Include="sources\bluetooth.h">
      <Filter>Header Files</Filter>
    </ClInclude>
    <ClInclude Include="sources\adc.h">
      <Filter>Header Files</Filter>
    </ClInclude>
    <ClInclude Include="__vm\.ECU2018.vsarduino.h">
      <Filter>Header Files</Filter>
    </ClInclude>
  </ItemGroup>
  <ItemGroup>
    <None Include="ECU2018.ino" />
  </ItemGroup>
</Project>